
Microsoft Visual Studio Solution File, Format Version 12.00
# Visual Studio Version 17
VisualStudioVersion = 17.6.33829.357
MinimumVisualStudioVersion = 10.0.40219.1
Project("{FAE04EC0-301F-11D3-BF4B-00C04F79EFBC}") = "IntroducaoaoWindowsForms", "IntroducaoaoWindowsForms\IntroducaoaoWindowsForms.csproj", "{2688733E-6006-47D5-85AC-303CED289A3B}"
EndProject
Global
	GlobalSection(SolutionConfigurationPlatforms) = preSolution
		Debug|Any CPU = Debug|Any CPU
		Release|Any CPU = Release|Any CPU
	EndGlobalSection
	GlobalSection(ProjectConfigurationPlatforms) = postSolution
		{2688733E-6006-47D5-85AC-303CED289A3B}.Debug|Any CPU.ActiveCfg = Debug|Any CPU
		{2688733E-6006-47D5-85AC-303CED289A3B}.Debug|Any CPU.Build.0 = Debug|Any CPU
		{2688733E-6006-47D5-85AC-303CED289A3B}.Release|Any CPU.ActiveCfg = Release|Any CPU
		{2688733E-6006-47D5-85AC-303CED289A3B}.Release|Any CPU.Build.0 = Release|Any CPU
	EndGlobalSection
	GlobalSection(SolutionProperties) = preSolution
		HideSolutionNode = FALSE
	EndGlobalSection
	GlobalSection(ExtensibilityGlobals) = postSolution
		SolutionGuid = {5A906579-59A8-4A38-B95A-78B924975160}
	EndGlobalSection
EndGlobal
